
Microsoft Visual Studio Solution File, Format Version 12.00
# Visual Studio Version 17
VisualStudioVersion = 17.3.32901.215
MinimumVisualStudioVersion = 10.0.40219.1
Project("{FAE04EC0-301F-11D3-BF4B-00C04F79EFBC}") = "NotKayitSistemi", "NotKayitSistemi.csproj", "{3AF88025-C100-48FE-9704-46B3042557EE}"
EndProject
Global
	GlobalSection(SolutionConfigurationPlatforms) = preSolution
		Debug|Any CPU = Debug|Any CPU
		Release|Any CPU = Release|Any CPU
	EndGlobalSection
	GlobalSection(ProjectConfigurationPlatforms) = postSolution
		{3AF88025-C100-48FE-9704-46B3042557EE}.Debug|Any CPU.ActiveCfg = Debug|Any CPU
		{3AF88025-C100-48FE-9704-46B3042557EE}.Debug|Any CPU.Build.0 = Debug|Any CPU
		{3AF88025-C100-48FE-9704-46B3042557EE}.Release|Any CPU.ActiveCfg = Release|Any CPU
		{3AF88025-C100-48FE-9704-46B3042557EE}.Release|Any CPU.Build.0 = Release|Any CPU
	EndGlobalSection
	GlobalSection(SolutionProperties) = preSolution
		HideSolutionNode = FALSE
	EndGlobalSection
	GlobalSection(ExtensibilityGlobals) = postSolution
		SolutionGuid = {62E37F2C-31BF-4D05-8FBC-573BFC09CFDC}
	EndGlobalSection
EndGlobal
